// !$*UTF8*$!
{
	archiveVersion = 1;
	classes = {
	};
	objectVersion = 46;
	objects = {

/* Begin PBXBuildFile section */
		1006D7A71F1F48FD00B41C2C /* libsqlite3.0.tbd in Frameworks */ = {isa = PBXBuildFile; fileRef = 1006D7A61F1F48FD00B41C2C /* libsqlite3.0.tbd */; };
		1006D7AB1F1F67E800B41C2C /* Profile.swift in Sources */ = {isa = PBXBuildFile; fileRef = 1006D7AA1F1F67E800B41C2C /* Profile.swift */; };
		1006D7AD1F1F6DAA00B41C2C /* ClientInfo.swift in Sources */ = {isa = PBXBuildFile; fileRef = 1006D7AC1F1F6DAA00B41C2C /* ClientInfo.swift */; };
		1006D7AF1F1F74E600B41C2C /* ModelManager.swift in Sources */ = {isa = PBXBuildFile; fileRef = 1006D7AE1F1F74E600B41C2C /* ModelManager.swift */; };
		1006D7C41F1F79F400B41C2C /* AVFoundation.framework in Frameworks */ = {isa = PBXBuildFile; fileRef = 1006D7C31F1F79F400B41C2C /* AVFoundation.framework */; };
		1006D7C61F1F7A2E00B41C2C /* AVKit.framework in Frameworks */ = {isa = PBXBuildFile; fileRef = 1006D7C51F1F7A2E00B41C2C /* AVKit.framework */; };
		101245601EF1473F007ECAB5 /* AppoinmentScheduleVC.swift in Sources */ = {isa = PBXBuildFile; fileRef = 1012455F1EF1473F007ECAB5 /* AppoinmentScheduleVC.swift */; };
		10172E781EEBB7EA001E913C /* DashboardViewController.swift in Sources */ = {isa = PBXBuildFile; fileRef = 10172E771EEBB7EA001E913C /* DashboardViewController.swift */; };
		10172E7A1EEBD915001E913C /* DashboardCell.swift in Sources */ = {isa = PBXBuildFile; fileRef = 10172E791EEBD914001E913C /* DashboardCell.swift */; };
		103E600B1F339CB700C7A947 /* Noti_info.swift in Sources */ = {isa = PBXBuildFile; fileRef = 103E600A1F339CB700C7A947 /* Noti_info.swift */; };
		106681FC1EEA6247009BE806 /* AppDelegate.swift in Sources */ = {isa = PBXBuildFile; fileRef = 106681FB1EEA6247009BE806 /* AppDelegate.swift */; };
		106681FE1EEA6248009BE806 /* ViewController.swift in Sources */ = {isa = PBXBuildFile; fileRef = 106681FD1EEA6248009BE806 /* ViewController.swift */; };
		106682011EEA6249009BE806 /* Main.storyboard in Resources */ = {isa = PBXBuildFile; fileRef = 106681FF1EEA6249009BE806 /* Main.storyboard */; };
		106682041EEA624A009BE806 /* LawyerApp.xcdatamodeld in Sources */ = {isa = PBXBuildFile; fileRef = 106682021EEA624A009BE806 /* LawyerApp.xcdatamodeld */; };
		106682061EEA624A009BE806 /* Assets.xcassets in Resources */ = {isa = PBXBuildFile; fileRef = 106682051EEA624A009BE806 /* Assets.xcassets */; };
		106682091EEA624A009BE806 /* LaunchScreen.storyboard in Resources */ = {isa = PBXBuildFile; fileRef = 106682071EEA624A009BE806 /* LaunchScreen.storyboard */; };
		106682141EEA6250009BE806 /* LawyerAppTests.swift in Sources */ = {isa = PBXBuildFile; fileRef = 106682131EEA6250009BE806 /* LawyerAppTests.swift */; };
		1066821F1EEA6251009BE806 /* LawyerAppUITests.swift in Sources */ = {isa = PBXBuildFile; fileRef = 1066821E1EEA6251009BE806 /* LawyerAppUITests.swift */; };
		1066822D1EEA9CD1009BE806 /* RegisterViewController.swift in Sources */ = {isa = PBXBuildFile; fileRef = 1066822C1EEA9CD0009BE806 /* RegisterViewController.swift */; };
		106682301EEAC041009BE806 /* GuestUserViewController.swift in Sources */ = {isa = PBXBuildFile; fileRef = 1066822F1EEAC041009BE806 /* GuestUserViewController.swift */; };
		106682331EEAC137009BE806 /* SwiftLoader.swift in Sources */ = {isa = PBXBuildFile; fileRef = 106682311EEAC137009BE806 /* SwiftLoader.swift */; };
		106682341EEAC137009BE806 /* Toast.swift in Sources */ = {isa = PBXBuildFile; fileRef = 106682321EEAC137009BE806 /* Toast.swift */; };
		10ADDB401F34738700B98CE9 /* NotificationCell.swift in Sources */ = {isa = PBXBuildFile; fileRef = 10ADDB3E1F34738600B98CE9 /* NotificationCell.swift */; };
		10ADDB411F34738700B98CE9 /* NotificationCell.xib in Resources */ = {isa = PBXBuildFile; fileRef = 10ADDB3F1F34738600B98CE9 /* NotificationCell.xib */; };
		10B67F741F176FF400D0C735 /* UploadDocumentsVC.swift in Sources */ = {isa = PBXBuildFile; fileRef = 10B67F731F176FF300D0C735 /* UploadDocumentsVC.swift */; };
		10B67F761F17827E00D0C735 /* commonClass.swift in Sources */ = {isa = PBXBuildFile; fileRef = 10B67F751F17827E00D0C735 /* commonClass.swift */; };
		10B864361F07A1BF00DF583D /* ForgetViewController.swift in Sources */ = {isa = PBXBuildFile; fileRef = 10B864351F07A1BF00DF583D /* ForgetViewController.swift */; };
		10BCECE81EEFE4C400DDE62C /* OTPViewController.swift in Sources */ = {isa = PBXBuildFile; fileRef = 10BCECE71EEFE4C400DDE62C /* OTPViewController.swift */; };
		10BCECEA1EEFF91600DDE62C /* ProfileViewController.swift in Sources */ = {isa = PBXBuildFile; fileRef = 10BCECE91EEFF91500DDE62C /* ProfileViewController.swift */; };
		10CDA6AD1EF3D3F2002EBF26 /* LocationObjects.swift in Sources */ = {isa = PBXBuildFile; fileRef = 10CDA6AC1EF3D3F1002EBF26 /* LocationObjects.swift */; };
		10DA567A1F4C490E0007CD8C /* naiyer.sqlite in Resources */ = {isa = PBXBuildFile; fileRef = 10DA56791F4C490E0007CD8C /* naiyer.sqlite */; };
		10DB2AFB1F33340100C854B1 /* CaseNotificationVC.swift in Sources */ = {isa = PBXBuildFile; fileRef = 10DB2AFA1F33340100C854B1 /* CaseNotificationVC.swift */; };
		10F68F4F1EF250F900E93149 /* CaseStatusViewController.swift in Sources */ = {isa = PBXBuildFile; fileRef = 10F68F4E1EF250F900E93149 /* CaseStatusViewController.swift */; };
		10F68F511EF2707900E93149 /* MapViewController.swift in Sources */ = {isa = PBXBuildFile; fileRef = 10F68F501EF2707900E93149 /* MapViewController.swift */; };
		10F68F541EF29CFD00E93149 /* MapKit.framework in Frameworks */ = {isa = PBXBuildFile; fileRef = 10F68F531EF29CFD00E93149 /* MapKit.framework */; };
		10FF11F71EF518CB00AA4661 /* ContactUsViewController.swift in Sources */ = {isa = PBXBuildFile; fileRef = 10FF11F61EF518CB00AA4661 /* ContactUsViewController.swift */; };
		4310B99820AD45F400F12D0C /* common.swift in Sources */ = {isa = PBXBuildFile; fileRef = 4310B99720AD45F400F12D0C /* common.swift */; };
		43576D441FCFE2640011AD30 /* SWRevealViewController.m in Sources */ = {isa = PBXBuildFile; fileRef = 43576D421FCFE2630011AD30 /* SWRevealViewController.m */; };
		43576D461FCFECED0011AD30 /* MenuViewController.swift in Sources */ = {isa = PBXBuildFile; fileRef = 43576D451FCFECED0011AD30 /* MenuViewController.swift */; };
		43576D481FCFF4650011AD30 /* MenuTableCell.swift in Sources */ = {isa = PBXBuildFile; fileRef = 43576D471FCFF4650011AD30 /* MenuTableCell.swift */; };
		43F00BD3F4E74AA1B95D777E /* Pods_LawyerApp.framework in Frameworks */ = {isa = PBXBuildFile; fileRef = 856C3C7653857D4623B64D85 /* Pods_LawyerApp.framework */; };
		F75F984F21393ED1000F9CB4 /* GoogleService-Info.plist in Resources */ = {isa = PBXBuildFile; fileRef = F75F984E21393ED0000F9CB4 /* GoogleService-Info.plist */; };
		F7740454212BEE2800CB8899 /* SRWebClient.swift in Sources */ = {isa = PBXBuildFile; fileRef = F7740453212BEE2800CB8899 /* SRWebClient.swift */; };
		F7812D62212A81CD006746B7 /* ProfileFormViewController.swift in Sources */ = {isa = PBXBuildFile; fileRef = F7812D61212A81CD006746B7 /* ProfileFormViewController.swift */; };
/* End PBXBuildFile section */

/* Begin PBXContainerItemProxy section */
		106682101EEA6250009BE806 /* PBXContainerItemProxy */ = {
			isa = PBXContainerItemProxy;
			containerPortal = 106681F01EEA6245009BE806 /* Project object */;
			proxyType = 1;
			remoteGlobalIDString = 106681F71EEA6246009BE806;
			remoteInfo = LawyerApp;
		};
		1066821B1EEA6250009BE806 /* PBXContainerItemProxy */ = {
			isa = PBXContainerItemProxy;
			containerPortal = 106681F01EEA6245009BE806 /* Project object */;
			proxyType = 1;
			remoteGlobalIDString = 106681F71EEA6246009BE806;
			remoteInfo = LawyerApp;
		};
/* End PBXContainerItemProxy section */

/* Begin PBXFileReference section */
		1006D7A61F1F48FD00B41C2C /* libsqlite3.0.tbd */ = {isa = PBXFileReference; lastKnownFileType = "sourcecode.text-based-dylib-definition"; name = libsqlite3.0.tbd; path = usr/lib/libsqlite3.0.tbd; sourceTree = SDKROOT; };
		1006D7AA1F1F67E800B41C2C /* Profile.swift */ = {isa = PBXFileReference; fileEncoding = 4; lastKnownFileType = sourcecode.swift; path = Profile.swift; sourceTree = "<group>"; };
		1006D7AC1F1F6DAA00B41C2C /* ClientInfo.swift */ = {isa = PBXFileReference; fileEncoding = 4; lastKnownFileType = sourcecode.swift; path = ClientInfo.swift; sourceTree = "<group>"; };
		1006D7AE1F1F74E600B41C2C /* ModelManager.swift */ = {isa = PBXFileReference; fileEncoding = 4; lastKnownFileType = sourcecode.swift; path = ModelManager.swift; sourceTree = "<group>"; };
		1006D7C31F1F79F400B41C2C /* AVFoundation.framework */ = {isa = PBXFileReference; lastKnownFileType = wrapper.framework; name = AVFoundation.framework; path = System/Library/Frameworks/AVFoundation.framework; sourceTree = SDKROOT; };
		1006D7C51F1F7A2E00B41C2C /* AVKit.framework */ = {isa = PBXFileReference; lastKnownFileType = wrapper.framework; name = AVKit.framework; path = System/Library/Frameworks/AVKit.framework; sourceTree = SDKROOT; };
		1006D7CB1F1F81BD00B41C2C /* LawyerApp-Bridging-Header.h */ = {isa = PBXFileReference; lastKnownFileType = sourcecode.c.h; path = "LawyerApp-Bridging-Header.h"; sourceTree = "<group>"; };
		1012455F1EF1473F007ECAB5 /* AppoinmentScheduleVC.swift */ = {isa = PBXFileReference; fileEncoding = 4; lastKnownFileType = sourcecode.swift; path = AppoinmentScheduleVC.swift; sourceTree = "<group>"; };
		10172E771EEBB7EA001E913C /* DashboardViewController.swift */ = {isa = PBXFileReference; fileEncoding = 4; lastKnownFileType = sourcecode.swift; path = DashboardViewController.swift; sourceTree = "<group>"; };
		10172E791EEBD914001E913C /* DashboardCell.swift */ = {isa = PBXFileReference; fileEncoding = 4; lastKnownFileType = sourcecode.swift; path = DashboardCell.swift; sourceTree = "<group>"; };
		103E600A1F339CB700C7A947 /* Noti_info.swift */ = {isa = PBXFileReference; fileEncoding = 4; lastKnownFileType = sourcecode.swift; path = Noti_info.swift; sourceTree = "<group>"; };
		106681F81EEA6246009BE806 /* DSD LAW FIRM.app */ = {isa = PBXFileReference; explicitFileType = wrapper.application; includeInIndex = 0; path = "DSD LAW FIRM.app"; sourceTree = BUILT_PRODUCTS_DIR; };
		106681FB1EEA6247009BE806 /* AppDelegate.swift */ = {isa = PBXFileReference; lastKnownFileType = sourcecode.swift; path = AppDelegate.swift; sourceTree = "<group>"; };
		106681FD1EEA6248009BE806 /* ViewController.swift */ = {isa = PBXFileReference; lastKnownFileType = sourcecode.swift; path = ViewController.swift; sourceTree = "<group>"; };
		106682001EEA6249009BE806 /* Base */ = {isa = PBXFileReference; lastKnownFileType = file.storyboard; name = Base; path = Base.lproj/Main.storyboard; sourceTree = "<group>"; };
		106682031EEA624A009BE806 /* LawyerApp.xcdatamodel */ = {isa = PBXFileReference; lastKnownFileType = wrapper.xcdatamodel; path = LawyerApp.xcdatamodel; sourceTree = "<group>"; };
		106682051EEA624A009BE806 /* Assets.xcassets */ = {isa = PBXFileReference; lastKnownFileType = folder.assetcatalog; path = Assets.xcassets; sourceTree = "<group>"; };
		106682081EEA624A009BE806 /* Base */ = {isa = PBXFileReference; lastKnownFileType = file.storyboard; name = Base; path = Base.lproj/LaunchScreen.storyboard; sourceTree = "<group>"; };
		1066820A1EEA624A009BE806 /* Info.plist */ = {isa = PBXFileReference; lastKnownFileType = text.plist.xml; path = Info.plist; sourceTree = "<group>"; };
		1066820F1EEA6250009BE806 /* LawyerAppTests.xctest */ = {isa = PBXFileReference; explicitFileType = wrapper.cfbundle; includeInIndex = 0; path = LawyerAppTests.xctest; sourceTree = BUILT_PRODUCTS_DIR; };
		106682131EEA6250009BE806 /* LawyerAppTests.swift */ = {isa = PBXFileReference; lastKnownFileType = sourcecode.swift; path = LawyerAppTests.swift; sourceTree = "<group>"; };
		106682151EEA6250009BE806 /* Info.plist */ = {isa = PBXFileReference; lastKnownFileType = text.plist.xml; path = Info.plist; sourceTree = "<group>"; };
		1066821A1EEA6250009BE806 /* LawyerAppUITests.xctest */ = {isa = PBXFileReference; explicitFileType = wrapper.cfbundle; includeInIndex = 0; path = LawyerAppUITests.xctest; sourceTree = BUILT_PRODUCTS_DIR; };
		1066821E1EEA6251009BE806 /* LawyerAppUITests.swift */ = {isa = PBXFileReference; lastKnownFileType = sourcecode.swift; path = LawyerAppUITests.swift; sourceTree = "<group>"; };
		106682201EEA6251009BE806 /* Info.plist */ = {isa = PBXFileReference; lastKnownFileType = text.plist.xml; path = Info.plist; sourceTree = "<group>"; };
		1066822C1EEA9CD0009BE806 /* RegisterViewController.swift */ = {isa = PBXFileReference; fileEncoding = 4; lastKnownFileType = sourcecode.swift; path = RegisterViewController.swift; sourceTree = "<group>"; };
		1066822F1EEAC041009BE806 /* GuestUserViewController.swift */ = {isa = PBXFileReference; fileEncoding = 4; lastKnownFileType = sourcecode.swift; path = GuestUserViewController.swift; sourceTree = "<group>"; };
		106682311EEAC137009BE806 /* SwiftLoader.swift */ = {isa = PBXFileReference; fileEncoding = 4; lastKnownFileType = sourcecode.swift; path = SwiftLoader.swift; sourceTree = "<group>"; };
		106682321EEAC137009BE806 /* Toast.swift */ = {isa = PBXFileReference; fileEncoding = 4; lastKnownFileType = sourcecode.swift; path = Toast.swift; sourceTree = "<group>"; };
		10ADDB3E1F34738600B98CE9 /* NotificationCell.swift */ = {isa = PBXFileReference; fileEncoding = 4; lastKnownFileType = sourcecode.swift; path = NotificationCell.swift; sourceTree = "<group>"; };
		10ADDB3F1F34738600B98CE9 /* NotificationCell.xib */ = {isa = PBXFileReference; fileEncoding = 4; lastKnownFileType = file.xib; path = NotificationCell.xib; sourceTree = "<group>"; };
		10B67F731F176FF300D0C735 /* UploadDocumentsVC.swift */ = {isa = PBXFileReference; fileEncoding = 4; lastKnownFileType = sourcecode.swift; path = UploadDocumentsVC.swift; sourceTree = "<group>"; };
		10B67F751F17827E00D0C735 /* commonClass.swift */ = {isa = PBXFileReference; fileEncoding = 4; lastKnownFileType = sourcecode.swift; path = commonClass.swift; sourceTree = "<group>"; };
		10B864351F07A1BF00DF583D /* ForgetViewController.swift */ = {isa = PBXFileReference; fileEncoding = 4; lastKnownFileType = sourcecode.swift; path = ForgetViewController.swift; sourceTree = "<group>"; };
		10BCECE71EEFE4C400DDE62C /* OTPViewController.swift */ = {isa = PBXFileReference; fileEncoding = 4; lastKnownFileType = sourcecode.swift; path = OTPViewController.swift; sourceTree = "<group>"; };
		10BCECE91EEFF91500DDE62C /* ProfileViewController.swift */ = {isa = PBXFileReference; fileEncoding = 4; lastKnownFileType = sourcecode.swift; path = ProfileViewController.swift; sourceTree = "<group>"; };
		10CDA6AC1EF3D3F1002EBF26 /* LocationObjects.swift */ = {isa = PBXFileReference; fileEncoding = 4; lastKnownFileType = sourcecode.swift; path = LocationObjects.swift; sourceTree = "<group>"; };
		10DA56791F4C490E0007CD8C /* naiyer.sqlite */ = {isa = PBXFileReference; lastKnownFileType = file; path = naiyer.sqlite; sourceTree = "<group>"; };
		10DB2AFA1F33340100C854B1 /* CaseNotificationVC.swift */ = {isa = PBXFileReference; fileEncoding = 4; lastKnownFileType = sourcecode.swift; path = CaseNotificationVC.swift; sourceTree = "<group>"; };
		10F68F4E1EF250F900E93149 /* CaseStatusViewController.swift */ = {isa = PBXFileReference; fileEncoding = 4; lastKnownFileType = sourcecode.swift; path = CaseStatusViewController.swift; sourceTree = "<group>"; };
		10F68F501EF2707900E93149 /* MapViewController.swift */ = {isa = PBXFileReference; fileEncoding = 4; lastKnownFileType = sourcecode.swift; path = MapViewController.swift; sourceTree = "<group>"; };
		10F68F531EF29CFD00E93149 /* MapKit.framework */ = {isa = PBXFileReference; lastKnownFileType = wrapper.framework; name = MapKit.framework; path = System/Library/Frameworks/MapKit.framework; sourceTree = SDKROOT; };
		10FF11F61EF518CB00AA4661 /* ContactUsViewController.swift */ = {isa = PBXFileReference; fileEncoding = 4; lastKnownFileType = sourcecode.swift; path = ContactUsViewController.swift; sourceTree = "<group>"; };
		4310B99720AD45F400F12D0C /* common.swift */ = {isa = PBXFileReference; lastKnownFileType = sourcecode.swift; path = common.swift; sourceTree = "<group>"; };
		43576D411FCFE2620011AD30 /* LawyerApp-Bridging-Header.h */ = {isa = PBXFileReference; lastKnownFileType = sourcecode.c.h; path = "LawyerApp-Bridging-Header.h"; sourceTree = "<group>"; };
		43576D421FCFE2630011AD30 /* SWRevealViewController.m */ = {isa = PBXFileReference; fileEncoding = 4; lastKnownFileType = sourcecode.c.objc; path = SWRevealViewController.m; sourceTree = "<group>"; };
		43576D431FCFE2630011AD30 /* SWRevealViewController.h */ = {isa = PBXFileReference; fileEncoding = 4; lastKnownFileType = sourcecode.c.h; path = SWRevealViewController.h; sourceTree = "<group>"; };
		43576D451FCFECED0011AD30 /* MenuViewController.swift */ = {isa = PBXFileReference; lastKnownFileType = sourcecode.swift; path = MenuViewController.swift; sourceTree = "<group>"; };
		43576D471FCFF4650011AD30 /* MenuTableCell.swift */ = {isa = PBXFileReference; lastKnownFileType = sourcecode.swift; path = MenuTableCell.swift; sourceTree = "<group>"; };
		856C3C7653857D4623B64D85 /* Pods_LawyerApp.framework */ = {isa = PBXFileReference; explicitFileType = wrapper.framework; includeInIndex = 0; path = Pods_LawyerApp.framework; sourceTree = BUILT_PRODUCTS_DIR; };
		A46F98965E36193BB23DAAFC /* Pods-LawyerApp.release.xcconfig */ = {isa = PBXFileReference; includeInIndex = 1; lastKnownFileType = text.xcconfig; name = "Pods-LawyerApp.release.xcconfig"; path = "Pods/Target Support Files/Pods-LawyerApp/Pods-LawyerApp.release.xcconfig"; sourceTree = "<group>"; };
		CFBE7431A3D941ECB3A9C817 /* Pods-LawyerApp.debug.xcconfig */ = {isa = PBXFileReference; includeInIndex = 1; lastKnownFileType = text.xcconfig; name = "Pods-LawyerApp.debug.xcconfig"; path = "Pods/Target Support Files/Pods-LawyerApp/Pods-LawyerApp.debug.xcconfig"; sourceTree = "<group>"; };
		F75F984D21393BAE000F9CB4 /* DSD LAW FIRM.entitlements */ = {isa = PBXFileReference; lastKnownFileType = text.plist.entitlements; path = "DSD LAW FIRM.entitlements"; sourceTree = "<group>"; };
		F75F984E21393ED0000F9CB4 /* GoogleService-Info.plist */ = {isa = PBXFileReference; fileEncoding = 4; lastKnownFileType = text.plist.xml; path = "GoogleService-Info.plist"; sourceTree = "<group>"; };
		F7740453212BEE2800CB8899 /* SRWebClient.swift */ = {isa = PBXFileReference; fileEncoding = 4; lastKnownFileType = sourcecode.swift; path = SRWebClient.swift; sourceTree = "<group>"; };
		F7812D61212A81CD006746B7 /* ProfileFormViewController.swift */ = {isa = PBXFileReference; lastKnownFileType = sourcecode.swift; path = ProfileFormViewController.swift; sourceTree = "<group>"; };
/* End PBXFileReference section */

/* Begin PBXFrameworksBuildPhase section */
		106681F51EEA6246009BE806 /* Frameworks */ = {
			isa = PBXFrameworksBuildPhase;
			buildActionMask = 2147483647;
			files = (
				1006D7C61F1F7A2E00B41C2C /* AVKit.framework in Frameworks */,
				1006D7C41F1F79F400B41C2C /* AVFoundation.framework in Frameworks */,
				1006D7A71F1F48FD00B41C2C /* libsqlite3.0.tbd in Frameworks */,
				10F68F541EF29CFD00E93149 /* MapKit.framework in Frameworks */,
				43F00BD3F4E74AA1B95D777E /* Pods_LawyerApp.framework in Frameworks */,
			);
			runOnlyForDeploymentPostprocessing = 0;
		};
		1066820C1EEA6250009BE806 /* Frameworks */ = {
			isa = PBXFrameworksBuildPhase;
			buildActionMask = 2147483647;
			files = (
			);
			runOnlyForDeploymentPostprocessing = 0;
		};
		106682171EEA6250009BE806 /* Frameworks */ = {
			isa = PBXFrameworksBuildPhase;
			buildActionMask = 2147483647;
			files = (
			);
			runOnlyForDeploymentPostprocessing = 0;
		};
/* End PBXFrameworksBuildPhase section */

/* Begin PBXGroup section */
		1006D7A91F1F65FE00B41C2C /* DBClass */ = {
			isa = PBXGroup;
			children = (
				1006D7AA1F1F67E800B41C2C /* Profile.swift */,
				1006D7AC1F1F6DAA00B41C2C /* ClientInfo.swift */,
				1006D7AE1F1F74E600B41C2C /* ModelManager.swift */,
				103E600A1F339CB700C7A947 /* Noti_info.swift */,
			);
			name = DBClass;
			sourceTree = "<group>";
		};
		106681EF1EEA6245009BE806 = {
			isa = PBXGroup;
			children = (
				F75F984E21393ED0000F9CB4 /* GoogleService-Info.plist */,
				10DA56791F4C490E0007CD8C /* naiyer.sqlite */,
				106681FA1EEA6246009BE806 /* LawyerApp */,
				106682121EEA6250009BE806 /* LawyerAppTests */,
				1066821D1EEA6250009BE806 /* LawyerAppUITests */,
				106681F91EEA6246009BE806 /* Products */,
				10F68F521EF29CFD00E93149 /* Frameworks */,
				50585B2B20247169E32376D3 /* Pods */,
			);
			sourceTree = "<group>";
		};
		106681F91EEA6246009BE806 /* Products */ = {
			isa = PBXGroup;
			children = (
				106681F81EEA6246009BE806 /* DSD LAW FIRM.app */,
				1066820F1EEA6250009BE806 /* LawyerAppTests.xctest */,
				1066821A1EEA6250009BE806 /* LawyerAppUITests.xctest */,
			);
			name = Products;
			sourceTree = "<group>";
		};
		106681FA1EEA6246009BE806 /* LawyerApp */ = {
			isa = PBXGroup;
			children = (
				F75F984D21393BAE000F9CB4 /* DSD LAW FIRM.entitlements */,
				43576D3D1FCFE1B10011AD30 /* SWRevealViewController */,
				1006D7A91F1F65FE00B41C2C /* DBClass */,
				1066822E1EEA9D52009BE806 /* RefrenceClasses */,
				106681FB1EEA6247009BE806 /* AppDelegate.swift */,
				106681FD1EEA6248009BE806 /* ViewController.swift */,
				106681FF1EEA6249009BE806 /* Main.storyboard */,
				106682051EEA624A009BE806 /* Assets.xcassets */,
				106682071EEA624A009BE806 /* LaunchScreen.storyboard */,
				1066820A1EEA624A009BE806 /* Info.plist */,
				106682021EEA624A009BE806 /* LawyerApp.xcdatamodeld */,
				1006D7CB1F1F81BD00B41C2C /* LawyerApp-Bridging-Header.h */,
			);
			path = LawyerApp;
			sourceTree = "<group>";
		};
		106682121EEA6250009BE806 /* LawyerAppTests */ = {
			isa = PBXGroup;
			children = (
				106682131EEA6250009BE806 /* LawyerAppTests.swift */,
				106682151EEA6250009BE806 /* Info.plist */,
			);
			path = LawyerAppTests;
			sourceTree = "<group>";
		};
		1066821D1EEA6250009BE806 /* LawyerAppUITests */ = {
			isa = PBXGroup;
			children = (
				1066821E1EEA6251009BE806 /* LawyerAppUITests.swift */,
				106682201EEA6251009BE806 /* Info.plist */,
			);
			path = LawyerAppUITests;
			sourceTree = "<group>";
		};
		1066822E1EEA9D52009BE806 /* RefrenceClasses */ = {
			isa = PBXGroup;
			children = (
				106682311EEAC137009BE806 /* SwiftLoader.swift */,
				106682321EEAC137009BE806 /* Toast.swift */,
				1066822C1EEA9CD0009BE806 /* RegisterViewController.swift */,
				1066822F1EEAC041009BE806 /* GuestUserViewController.swift */,
				10172E771EEBB7EA001E913C /* DashboardViewController.swift */,
				10172E791EEBD914001E913C /* DashboardCell.swift */,
				10BCECE71EEFE4C400DDE62C /* OTPViewController.swift */,
				10BCECE91EEFF91500DDE62C /* ProfileViewController.swift */,
				10F68F4E1EF250F900E93149 /* CaseStatusViewController.swift */,
				10F68F501EF2707900E93149 /* MapViewController.swift */,
				10CDA6AC1EF3D3F1002EBF26 /* LocationObjects.swift */,
				10FF11F61EF518CB00AA4661 /* ContactUsViewController.swift */,
				10B864351F07A1BF00DF583D /* ForgetViewController.swift */,
				1012455F1EF1473F007ECAB5 /* AppoinmentScheduleVC.swift */,
				10B67F731F176FF300D0C735 /* UploadDocumentsVC.swift */,
				F7740453212BEE2800CB8899 /* SRWebClient.swift */,
				10B67F751F17827E00D0C735 /* commonClass.swift */,
				10DB2AFA1F33340100C854B1 /* CaseNotificationVC.swift */,
				10ADDB3E1F34738600B98CE9 /* NotificationCell.swift */,
				10ADDB3F1F34738600B98CE9 /* NotificationCell.xib */,
				43576D451FCFECED0011AD30 /* MenuViewController.swift */,
				43576D471FCFF4650011AD30 /* MenuTableCell.swift */,
				4310B99720AD45F400F12D0C /* common.swift */,
				F7812D61212A81CD006746B7 /* ProfileFormViewController.swift */,
			);
			name = RefrenceClasses;
			sourceTree = "<group>";
		};
		10F68F521EF29CFD00E93149 /* Frameworks */ = {
			isa = PBXGroup;
			children = (
				1006D7C51F1F7A2E00B41C2C /* AVKit.framework */,
				1006D7C31F1F79F400B41C2C /* AVFoundation.framework */,
				1006D7A61F1F48FD00B41C2C /* libsqlite3.0.tbd */,
				10F68F531EF29CFD00E93149 /* MapKit.framework */,
				856C3C7653857D4623B64D85 /* Pods_LawyerApp.framework */,
			);
			name = Frameworks;
			sourceTree = "<group>";
		};
		43576D3D1FCFE1B10011AD30 /* SWRevealViewController */ = {
			isa = PBXGroup;
			children = (
				43576D431FCFE2630011AD30 /* SWRevealViewController.h */,
				43576D421FCFE2630011AD30 /* SWRevealViewController.m */,
				43576D411FCFE2620011AD30 /* LawyerApp-Bridging-Header.h */,
			);
			name = SWRevealViewController;
			sourceTree = "<group>";
		};
		50585B2B20247169E32376D3 /* Pods */ = {
			isa = PBXGroup;
			children = (
				CFBE7431A3D941ECB3A9C817 /* Pods-LawyerApp.debug.xcconfig */,
				A46F98965E36193BB23DAAFC /* Pods-LawyerApp.release.xcconfig */,
			);
			name = Pods;
			sourceTree = "<group>";
		};
/* End PBXGroup section */

/* Begin PBXNativeTarget section */
		106681F71EEA6246009BE806 /* LawyerApp */ = {
			isa = PBXNativeTarget;
			buildConfigurationList = 106682231EEA6251009BE806 /* Build configuration list for PBXNativeTarget "LawyerApp" */;
			buildPhases = (
				50B2DE3F4562A15AAA45F978 /* [CP] Check Pods Manifest.lock */,
				106681F41EEA6246009BE806 /* Sources */,
				106681F51EEA6246009BE806 /* Frameworks */,
				106681F61EEA6246009BE806 /* Resources */,
				456F2E0C0374E13822981753 /* [CP] Embed Pods Frameworks */,
			);
			buildRules = (
			);
			dependencies = (
			);
			name = LawyerApp;
			productName = LawyerApp;
			productReference = 106681F81EEA6246009BE806 /* DSD LAW FIRM.app */;
			productType = "com.apple.product-type.application";
		};
		1066820E1EEA6250009BE806 /* LawyerAppTests */ = {
			isa = PBXNativeTarget;
			buildConfigurationList = 106682261EEA6251009BE806 /* Build configuration list for PBXNativeTarget "LawyerAppTests" */;
			buildPhases = (
				1066820B1EEA6250009BE806 /* Sources */,
				1066820C1EEA6250009BE806 /* Frameworks */,
				1066820D1EEA6250009BE806 /* Resources */,
			);
			buildRules = (
			);
			dependencies = (
				106682111EEA6250009BE806 /* PBXTargetDependency */,
			);
			name = LawyerAppTests;
			productName = LawyerAppTests;
			productReference = 1066820F1EEA6250009BE806 /* LawyerAppTests.xctest */;
			productType = "com.apple.product-type.bundle.unit-test";
		};
		106682191EEA6250009BE806 /* LawyerAppUITests */ = {
			isa = PBXNativeTarget;
			buildConfigurationList = 106682291EEA6251009BE806 /* Build configuration list for PBXNativeTarget "LawyerAppUITests" */;
			buildPhases = (
				106682161EEA6250009BE806 /* Sources */,
				106682171EEA6250009BE806 /* Frameworks */,
				106682181EEA6250009BE806 /* Resources */,
			);
			buildRules = (
			);
			dependencies = (
				1066821C1EEA6250009BE806 /* PBXTargetDependency */,
			);
			name = LawyerAppUITests;
			productName = LawyerAppUITests;
			productReference = 1066821A1EEA6250009BE806 /* LawyerAppUITests.xctest */;
			productType = "com.apple.product-type.bundle.ui-testing";
		};
/* End PBXNativeTarget section */

/* Begin PBXProject section */
		106681F01EEA6245009BE806 /* Project object */ = {
			isa = PBXProject;
			attributes = {
				LastSwiftUpdateCheck = 0830;
				LastUpgradeCheck = 0940;
				ORGANIZATIONNAME = shahidmohd31;
				TargetAttributes = {
					106681F71EEA6246009BE806 = {
						CreatedOnToolsVersion = 8.3.2;
						DevelopmentTeam = P3M365662P;
						LastSwiftMigration = 0910;
						ProvisioningStyle = Automatic;
						SystemCapabilities = {
							com.apple.Push = {
								enabled = 1;
							};
						};
					};
					1066820E1EEA6250009BE806 = {
						CreatedOnToolsVersion = 8.3.2;
						DevelopmentTeam = P3M365662P;
						ProvisioningStyle = Automatic;
						TestTargetID = 106681F71EEA6246009BE806;
					};
					106682191EEA6250009BE806 = {
						CreatedOnToolsVersion = 8.3.2;
						DevelopmentTeam = P3M365662P;
						ProvisioningStyle = Automatic;
						TestTargetID = 106681F71EEA6246009BE806;
					};
				};
			};
			buildConfigurationList = 106681F31EEA6246009BE806 /* Build configuration list for PBXProject "LawyerApp" */;
			compatibilityVersion = "Xcode 3.2";
			developmentRegion = English;
			hasScannedForEncodings = 0;
			knownRegions = (
				en,
				Base,
			);
			mainGroup = 106681EF1EEA6245009BE806;
			productRefGroup = 106681F91EEA6246009BE806 /* Products */;
			projectDirPath = "";
			projectRoot = "";
			targets = (
				106681F71EEA6246009BE806 /* LawyerApp */,
				1066820E1EEA6250009BE806 /* LawyerAppTests */,
				106682191EEA6250009BE806 /* LawyerAppUITests */,
			);
		};
/* End PBXProject section */

/* Begin PBXResourcesBuildPhase section */
		106681F61EEA6246009BE806 /* Resources */ = {
			isa = PBXResourcesBuildPhase;
			buildActionMask = 2147483647;
			files = (
				F75F984F21393ED1000F9CB4 /* GoogleService-Info.plist in Resources */,
				106682091EEA624A009BE806 /* LaunchScreen.storyboard in Resources */,
				106682061EEA624A009BE806 /* Assets.xcassets in Resources */,
				10ADDB411F34738700B98CE9 /* NotificationCell.xib in Resources */,
				10DA567A1F4C490E0007CD8C /* naiyer.sqlite in Resources */,
				106682011EEA6249009BE806 /* Main.storyboard in Resources */,
			);
			runOnlyForDeploymentPostprocessing = 0;
		};
		1066820D1EEA6250009BE806 /* Resources */ = {
			isa = PBXResourcesBuildPhase;
			buildActionMask = 2147483647;
			files = (
			);
			runOnlyForDeploymentPostprocessing = 0;
		};
		106682181EEA6250009BE806 /* Resources */ = {
			isa = PBXResourcesBuildPhase;
			buildActionMask = 2147483647;
			files = (
			);
			runOnlyForDeploymentPostprocessing = 0;
		};
/* End PBXResourcesBuildPhase section */

/* Begin PBXShellScriptBuildPhase section */
		456F2E0C0374E13822981753 /* [CP] Embed Pods Frameworks */ = {
			isa = PBXShellScriptBuildPhase;
			buildActionMask = 2147483647;
			files = (
			);
			inputPaths = (
				"${SRCROOT}/Pods/Target Support Files/Pods-LawyerApp/Pods-LawyerApp-frameworks.sh",
				"${BUILT_PRODUCTS_DIR}/Alamofire/Alamofire.framework",
				"${BUILT_PRODUCTS_DIR}/DropDown/DropDown.framework",
				"${BUILT_PRODUCTS_DIR}/FMDB/FMDB.framework",
				"${BUILT_PRODUCTS_DIR}/GoogleToolboxForMac/GoogleToolboxForMac.framework",
				"${BUILT_PRODUCTS_DIR}/IQKeyboardManager/IQKeyboardManager.framework",
				"${BUILT_PRODUCTS_DIR}/MRCountryPicker/MRCountryPicker.framework",
				"${BUILT_PRODUCTS_DIR}/OpalImagePicker/OpalImagePicker.framework",
				"${BUILT_PRODUCTS_DIR}/Protobuf/Protobuf.framework",
				"${BUILT_PRODUCTS_DIR}/TextFieldEffects/TextFieldEffects.framework",
				"${BUILT_PRODUCTS_DIR}/nanopb/nanopb.framework",
			);
			name = "[CP] Embed Pods Frameworks";
			outputPaths = (
				"${TARGET_BUILD_DIR}/${FRAMEWORKS_FOLDER_PATH}/Alamofire.framework",
				"${TARGET_BUILD_DIR}/${FRAMEWORKS_FOLDER_PATH}/DropDown.framework",
				"${TARGET_BUILD_DIR}/${FRAMEWORKS_FOLDER_PATH}/FMDB.framework",
				"${TARGET_BUILD_DIR}/${FRAMEWORKS_FOLDER_PATH}/GoogleToolboxForMac.framework",
				"${TARGET_BUILD_DIR}/${FRAMEWORKS_FOLDER_PATH}/IQKeyboardManager.framework",
				"${TARGET_BUILD_DIR}/${FRAMEWORKS_FOLDER_PATH}/MRCountryPicker.framework",
				"${TARGET_BUILD_DIR}/${FRAMEWORKS_FOLDER_PATH}/OpalImagePicker.framework",
				"${TARGET_BUILD_DIR}/${FRAMEWORKS_FOLDER_PATH}/Protobuf.framework",
				"${TARGET_BUILD_DIR}/${FRAMEWORKS_FOLDER_PATH}/TextFieldEffects.framework",
				"${TARGET_BUILD_DIR}/${FRAMEWORKS_FOLDER_PATH}/nanopb.framework",
			);
			runOnlyForDeploymentPostprocessing = 0;
			shellPath = /bin/sh;
			shellScript = "\"${SRCROOT}/Pods/Target Support Files/Pods-LawyerApp/Pods-LawyerApp-frameworks.sh\"\n";
			showEnvVarsInLog = 0;
		};
		50B2DE3F4562A15AAA45F978 /* [CP] Check Pods Manifest.lock */ = {
			isa = PBXShellScriptBuildPhase;
			buildActionMask = 2147483647;
			files = (
			);
			inputPaths = (
				"${PODS_PODFILE_DIR_PATH}/Podfile.lock",
				"${PODS_ROOT}/Manifest.lock",
			);
			name = "[CP] Check Pods Manifest.lock";
			outputPaths = (
				"$(DERIVED_FILE_DIR)/Pods-LawyerApp-checkManifestLockResult.txt",
			);
			runOnlyForDeploymentPostprocessing = 0;
			shellPath = /bin/sh;
			shellScript = "diff \"${PODS_PODFILE_DIR_PATH}/Podfile.lock\" \"${PODS_ROOT}/Manifest.lock\" > /dev/null\nif [ $? != 0 ] ; then\n    # print error to STDERR\n    echo \"error: The sandbox is not in sync with the Podfile.lock. Run 'pod install' or update your CocoaPods installation.\" >&2\n    exit 1\nfi\n# This output is used by Xcode 'outputs' to avoid re-running this script phase.\necho \"SUCCESS\" > \"${SCRIPT_OUTPUT_FILE_0}\"\n";
			showEnvVarsInLog = 0;
		};
/* End PBXShellScriptBuildPhase section */

/* Begin PBXSourcesBuildPhase section */
		106681F41EEA6246009BE806 /* Sources */ = {
			isa = PBXSourcesBuildPhase;
			buildActionMask = 2147483647;
			files = (
				4310B99820AD45F400F12D0C /* common.swift in Sources */,
				10BCECE81EEFE4C400DDE62C /* OTPViewController.swift in Sources */,
				1006D7AB1F1F67E800B41C2C /* Profile.swift in Sources */,
				106682331EEAC137009BE806 /* SwiftLoader.swift in Sources */,
				10172E7A1EEBD915001E913C /* DashboardCell.swift in Sources */,
				106682041EEA624A009BE806 /* LawyerApp.xcdatamodeld in Sources */,
				F7740454212BEE2800CB8899 /* SRWebClient.swift in Sources */,
				106682301EEAC041009BE806 /* GuestUserViewController.swift in Sources */,
				10F68F4F1EF250F900E93149 /* CaseStatusViewController.swift in Sources */,
				1006D7AF1F1F74E600B41C2C /* ModelManager.swift in Sources */,
				106681FE1EEA6248009BE806 /* ViewController.swift in Sources */,
				1006D7AD1F1F6DAA00B41C2C /* ClientInfo.swift in Sources */,
				10DB2AFB1F33340100C854B1 /* CaseNotificationVC.swift in Sources */,
				10B67F761F17827E00D0C735 /* commonClass.swift in Sources */,
				101245601EF1473F007ECAB5 /* AppoinmentScheduleVC.swift in Sources */,
				43576D441FCFE2640011AD30 /* SWRevealViewController.m in Sources */,
				10BCECEA1EEFF91600DDE62C /* ProfileViewController.swift in Sources */,
				43576D481FCFF4650011AD30 /* MenuTableCell.swift in Sources */,
				106681FC1EEA6247009BE806 /* AppDelegate.swift in Sources */,
				103E600B1F339CB700C7A947 /* Noti_info.swift in Sources */,
				10B67F741F176FF400D0C735 /* UploadDocumentsVC.swift in Sources */,
				1066822D1EEA9CD1009BE806 /* RegisterViewController.swift in Sources */,
				10FF11F71EF518CB00AA4661 /* ContactUsViewController.swift in Sources */,
				106682341EEAC137009BE806 /* Toast.swift in Sources */,
				10172E781EEBB7EA001E913C /* DashboardViewController.swift in Sources */,
				43576D461FCFECED0011AD30 /* MenuViewController.swift in Sources */,
				10CDA6AD1EF3D3F2002EBF26 /* LocationObjects.swift in Sources */,
				F7812D62212A81CD006746B7 /* ProfileFormViewController.swift in Sources */,
				10F68F511EF2707900E93149 /* MapViewController.swift in Sources */,
				10ADDB401F34738700B98CE9 /* NotificationCell.swift in Sources */,
				10B864361F07A1BF00DF583D /* ForgetViewController.swift in Sources */,
			);
			runOnlyForDeploymentPostprocessing = 0;
		};
		1066820B1EEA6250009BE806 /* Sources */ = {
			isa = PBXSourcesBuildPhase;
			buildActionMask = 2147483647;
			files = (
				106682141EEA6250009BE806 /* LawyerAppTests.swift in Sources */,
			);
			runOnlyForDeploymentPostprocessing = 0;
		};
		106682161EEA6250009BE806 /* Sources */ = {
			isa = PBXSourcesBuildPhase;
			buildActionMask = 2147483647;
			files = (
				1066821F1EEA6251009BE806 /* LawyerAppUITests.swift in Sources */,
			);
			runOnlyForDeploymentPostprocessing = 0;
		};
/* End PBXSourcesBuildPhase section */

/* Begin PBXTargetDependency section */
		106682111EEA6250009BE806 /* PBXTargetDependency */ = {
			isa = PBXTargetDependency;
			target = 106681F71EEA6246009BE806 /* LawyerApp */;
			targetProxy = 106682101EEA6250009BE806 /* PBXContainerItemProxy */;
		};
		1066821C1EEA6250009BE806 /* PBXTargetDependency */ = {
			isa = PBXTargetDependency;
			target = 106681F71EEA6246009BE806 /* LawyerApp */;
			targetProxy = 1066821B1EEA6250009BE806 /* PBXContainerItemProxy */;
		};
/* End PBXTargetDependency section */

/* Begin PBXVariantGroup section */
		106681FF1EEA6249009BE806 /* Main.storyboard */ = {
			isa = PBXVariantGroup;
			children = (
				106682001EEA6249009BE806 /* Base */,
			);
			name = Main.storyboard;
			sourceTree = "<group>";
		};
		106682071EEA624A009BE806 /* LaunchScreen.storyboard */ = {
			isa = PBXVariantGroup;
			children = (
				106682081EEA624A009BE806 /* Base */,
			);
			name = LaunchScreen.storyboard;
			sourceTree = "<group>";
		};
/* End PBXVariantGroup section */

/* Begin XCBuildConfiguration section */
		106682211EEA6251009BE806 /* Debug */ = {
			isa = XCBuildConfiguration;
			buildSettings = {
				ALWAYS_SEARCH_USER_PATHS = NO;
				CLANG_ANALYZER_NONNULL = YES;
				CLANG_ANALYZER_NUMBER_OBJECT_CONVERSION = YES_AGGRESSIVE;
				CLANG_CXX_LANGUAGE_STANDARD = "gnu++0x";
				CLANG_CXX_LIBRARY = "libc++";
				CLANG_ENABLE_MODULES = YES;
				CLANG_ENABLE_OBJC_ARC = YES;
				CLANG_WARN_BLOCK_CAPTURE_AUTORELEASING = YES;
				CLANG_WARN_BOOL_CONVERSION = YES;
				CLANG_WARN_COMMA = YES;
				CLANG_WARN_CONSTANT_CONVERSION = YES;
				CLANG_WARN_DEPRECATED_OBJC_IMPLEMENTATIONS = YES;
				CLANG_WARN_DIRECT_OBJC_ISA_USAGE = YES_ERROR;
				CLANG_WARN_DOCUMENTATION_COMMENTS = YES;
				CLANG_WARN_EMPTY_BODY = YES;
				CLANG_WARN_ENUM_CONVERSION = YES;
				CLANG_WARN_INFINITE_RECURSION = YES;
				CLANG_WARN_INT_CONVERSION = YES;
				CLANG_WARN_NON_LITERAL_NULL_CONVERSION = YES;
				CLANG_WARN_OBJC_IMPLICIT_RETAIN_SELF = YES;
				CLANG_WARN_OBJC_LITERAL_CONVERSION = YES;
				CLANG_WARN_OBJC_ROOT_CLASS = YES_ERROR;
				CLANG_WARN_RANGE_LOOP_ANALYSIS = YES;
				CLANG_WARN_STRICT_PROTOTYPES = YES;
				CLANG_WARN_SUSPICIOUS_MOVE = YES;
				CLANG_WARN_UNREACHABLE_CODE = YES;
				CLANG_WARN__DUPLICATE_METHOD_MATCH = YES;
				"CODE_SIGN_IDENTITY[sdk=iphoneos*]" = "iPhone Developer";
				COPY_PHASE_STRIP = NO;
				DEBUG_INFORMATION_FORMAT = dwarf;
				ENABLE_STRICT_OBJC_MSGSEND = YES;
				ENABLE_TESTABILITY = YES;
				GCC_C_LANGUAGE_STANDARD = gnu99;
				GCC_DYNAMIC_NO_PIC = NO;
				GCC_NO_COMMON_BLOCKS = YES;
				GCC_OPTIMIZATION_LEVEL = 0;
				GCC_PREPROCESSOR_DEFINITIONS = (
					"DEBUG=1",
					"$(inherited)",
				);
				GCC_WARN_64_TO_32_BIT_CONVERSION = YES;
				GCC_WARN_ABOUT_RETURN_TYPE = YES_ERROR;
				GCC_WARN_UNDECLARED_SELECTOR = YES;
				GCC_WARN_UNINITIALIZED_AUTOS = YES_AGGRESSIVE;
				GCC_WARN_UNUSED_FUNCTION = YES;
				GCC_WARN_UNUSED_VARIABLE = YES;
				IPHONEOS_DEPLOYMENT_TARGET = 10.3;
				MTL_ENABLE_DEBUG_INFO = YES;
				ONLY_ACTIVE_ARCH = YES;
				SDKROOT = iphoneos;
				SWIFT_ACTIVE_COMPILATION_CONDITIONS = DEBUG;
				SWIFT_OPTIMIZATION_LEVEL = "-Onone";
				TARGETED_DEVICE_FAMILY = "1,2";
			};
			name = Debug;
		};
		106682221EEA6251009BE806 /* Release */ = {
			isa = XCBuildConfiguration;
			buildSettings = {
				ALWAYS_SEARCH_USER_PATHS = NO;
				CLANG_ANALYZER_NONNULL = YES;
				CLANG_ANALYZER_NUMBER_OBJECT_CONVERSION = YES_AGGRESSIVE;
				CLANG_CXX_LANGUAGE_STANDARD = "gnu++0x";
				CLANG_CXX_LIBRARY = "libc++";
				CLANG_ENABLE_MODULES = YES;
				CLANG_ENABLE_OBJC_ARC = YES;
				CLANG_WARN_BLOCK_CAPTURE_AUTORELEASING = YES;
				CLANG_WARN_BOOL_CONVERSION = YES;
				CLANG_WARN_COMMA = YES;
				CLANG_WARN_CONSTANT_CONVERSION = YES;
				CLANG_WARN_DEPRECATED_OBJC_IMPLEMENTATIONS = YES;
				CLANG_WARN_DIRECT_OBJC_ISA_USAGE = YES_ERROR;
				CLANG_WARN_DOCUMENTATION_COMMENTS = YES;
				CLANG_WARN_EMPTY_BODY = YES;
				CLANG_WARN_ENUM_CONVERSION = YES;
				CLANG_WARN_INFINITE_RECURSION = YES;
				CLANG_WARN_INT_CONVERSION = YES;
				CLANG_WARN_NON_LITERAL_NULL_CONVERSION = YES;
				CLANG_WARN_OBJC_IMPLICIT_RETAIN_SELF = YES;
				CLANG_WARN_OBJC_LITERAL_CONVERSION = YES;
				CLANG_WARN_OBJC_ROOT_CLASS = YES_ERROR;
				CLANG_WARN_RANGE_LOOP_ANALYSIS = YES;
				CLANG_WARN_STRICT_PROTOTYPES = YES;
				CLANG_WARN_SUSPICIOUS_MOVE = YES;
				CLANG_WARN_UNREACHABLE_CODE = YES;
				CLANG_WARN__DUPLICATE_METHOD_MATCH = YES;
				"CODE_SIGN_IDENTITY[sdk=iphoneos*]" = "iPhone Developer";
				COPY_PHASE_STRIP = NO;
				DEBUG_INFORMATION_FORMAT = "dwarf-with-dsym";
				ENABLE_NS_ASSERTIONS = NO;
				ENABLE_STRICT_OBJC_MSGSEND = YES;
				GCC_C_LANGUAGE_STANDARD = gnu99;
				GCC_NO_COMMON_BLOCKS = YES;
				GCC_WARN_64_TO_32_BIT_CONVERSION = YES;
				GCC_WARN_ABOUT_RETURN_TYPE = YES_ERROR;
				GCC_WARN_UNDECLARED_SELECTOR = YES;
				GCC_WARN_UNINITIALIZED_AUTOS = YES_AGGRESSIVE;
				GCC_WARN_UNUSED_FUNCTION = YES;
				GCC_WARN_UNUSED_VARIABLE = YES;
				IPHONEOS_DEPLOYMENT_TARGET = 10.3;
				MTL_ENABLE_DEBUG_INFO = NO;
				SDKROOT = iphoneos;
				SWIFT_OPTIMIZATION_LEVEL = "-Owholemodule";
				TARGETED_DEVICE_FAMILY = "1,2";
				VALIDATE_PRODUCT = YES;
			};
			name = Release;
		};
		106682241EEA6251009BE806 /* Debug */ = {
			isa = XCBuildConfiguration;
			baseConfigurationReference = CFBE7431A3D941ECB3A9C817 /* Pods-LawyerApp.debug.xcconfig */;
			buildSettings = {
				ASSETCATALOG_COMPILER_APPICON_NAME = AppIcon;
				CLANG_ENABLE_MODULES = YES;
				CODE_SIGN_ENTITLEMENTS = "LawyerApp/DSD LAW FIRM.entitlements";
				CODE_SIGN_IDENTITY = "iPhone Developer";
				"CODE_SIGN_IDENTITY[sdk=iphoneos*]" = "iPhone Developer";
				CODE_SIGN_STYLE = Automatic;
				DEVELOPMENT_TEAM = P3M365662P;
				INFOPLIST_FILE = LawyerApp/Info.plist;
				IPHONEOS_DEPLOYMENT_TARGET = 10.2;
				LD_RUNPATH_SEARCH_PATHS = "$(inherited) @executable_path/Frameworks";
				PRODUCT_BUNDLE_IDENTIFIER = winklix.com.app.lawyer;
				PRODUCT_NAME = "DSD LAW FIRM";
				PROVISIONING_PROFILE = "";
				PROVISIONING_PROFILE_SPECIFIER = "";
				SWIFT_OBJC_BRIDGING_HEADER = "LawyerApp/LawyerApp-Bridging-Header.h";
				SWIFT_OPTIMIZATION_LEVEL = "-Onone";
				SWIFT_VERSION = 3.0;
			};
			name = Debug;
		};
		106682251EEA6251009BE806 /* Release */ = {
			isa = XCBuildConfiguration;
			baseConfigurationReference = A46F98965E36193BB23DAAFC /* Pods-LawyerApp.release.xcconfig */;
			buildSettings = {
				ASSETCATALOG_COMPILER_APPICON_NAME = AppIcon;
				CLANG_ENABLE_MODULES = YES;
				CODE_SIGN_ENTITLEMENTS = "LawyerApp/DSD LAW FIRM.entitlements";
				CODE_SIGN_IDENTITY = "iPhone Developer";
				"CODE_SIGN_IDENTITY[sdk=iphoneos*]" = "iPhone Developer";
				CODE_SIGN_STYLE = Automatic;
				DEVELOPMENT_TEAM = P3M365662P;
				INFOPLIST_FILE = LawyerApp/Info.plist;
				IPHONEOS_DEPLOYMENT_TARGET = 10.2;
				LD_RUNPATH_SEARCH_PATHS = "$(inherited) @executable_path/Frameworks";
				PRODUCT_BUNDLE_IDENTIFIER = winklix.com.app.lawyer;
				PRODUCT_NAME = "DSD LAW FIRM";
				PROVISIONING_PROFILE = "";
				PROVISIONING_PROFILE_SPECIFIER = "";
				SWIFT_OBJC_BRIDGING_HEADER = "LawyerApp/LawyerApp-Bridging-Header.h";
				SWIFT_VERSION = 3.0;
			};
			name = Release;
		};
		106682271EEA6251009BE806 /* Debug */ = {
			isa = XCBuildConfiguration;
			buildSettings = {
				ALWAYS_EMBED_SWIFT_STANDARD_LIBRARIES = YES;
				BUNDLE_LOADER = "$(TEST_HOST)";
				DEVELOPMENT_TEAM = P3M365662P;
				INFOPLIST_FILE = LawyerAppTests/Info.plist;
				LD_RUNPATH_SEARCH_PATHS = "$(inherited) @executable_path/Frameworks @loader_path/Frameworks";
				PRODUCT_BUNDLE_IDENTIFIER = winklix.in.LawyerAppTests;
				PRODUCT_NAME = "$(TARGET_NAME)";
				SWIFT_VERSION = 3.0;
				TEST_HOST = "$(BUILT_PRODUCTS_DIR)/LawyerApp.app/LawyerApp";
			};
			name = Debug;
		};
		106682281EEA6251009BE806 /* Release */ = {
			isa = XCBuildConfiguration;
			buildSettings = {
				ALWAYS_EMBED_SWIFT_STANDARD_LIBRARIES = YES;
				BUNDLE_LOADER = "$(TEST_HOST)";
				DEVELOPMENT_TEAM = P3M365662P;
				INFOPLIST_FILE = LawyerAppTests/Info.plist;
				LD_RUNPATH_SEARCH_PATHS = "$(inherited) @executable_path/Frameworks @loader_path/Frameworks";
				PRODUCT_BUNDLE_IDENTIFIER = winklix.in.LawyerAppTests;
				PRODUCT_NAME = "$(TARGET_NAME)";
				SWIFT_VERSION = 3.0;
				TEST_HOST = "$(BUILT_PRODUCTS_DIR)/LawyerApp.app/LawyerApp";
			};
			name = Release;
		};
		1066822A1EEA6251009BE806 /* Debug */ = {
			isa = XCBuildConfiguration;
			buildSettings = {
				ALWAYS_EMBED_SWIFT_STANDARD_LIBRARIES = YES;
				DEVELOPMENT_TEAM = P3M365662P;
				INFOPLIST_FILE = LawyerAppUITests/Info.plist;
				LD_RUNPATH_SEARCH_PATHS = "$(inherited) @executable_path/Frameworks @loader_path/Frameworks";
				PRODUCT_BUNDLE_IDENTIFIER = winklix.in.LawyerAppUITests;
				PRODUCT_NAME = "$(TARGET_NAME)";
				SWIFT_VERSION = 3.0;
				TEST_TARGET_NAME = LawyerApp;
			};
			name = Debug;
		};
		1066822B1EEA6251009BE806 /* Release */ = {
			isa = XCBuildConfiguration;
			buildSettings = {
				ALWAYS_EMBED_SWIFT_STANDARD_LIBRARIES = YES;
				DEVELOPMENT_TEAM = P3M365662P;
				INFOPLIST_FILE = LawyerAppUITests/Info.plist;
				LD_RUNPATH_SEARCH_PATHS = "$(inherited) @executable_path/Frameworks @loader_path/Frameworks";
				PRODUCT_BUNDLE_IDENTIFIER = winklix.in.LawyerAppUITests;
				PRODUCT_NAME = "$(TARGET_NAME)";
				SWIFT_VERSION = 3.0;
				TEST_TARGET_NAME = LawyerApp;
			};
			name = Release;
		};
/* End XCBuildConfiguration section */

/* Begin XCConfigurationList section */
		106681F31EEA6246009BE806 /* Build configuration list for PBXProject "LawyerApp" */ = {
			isa = XCConfigurationList;
			buildConfigurations = (
				106682211EEA6251009BE806 /* Debug */,
				106682221EEA6251009BE806 /* Release */,
			);
			defaultConfigurationIsVisible = 0;
			defaultConfigurationName = Release;
		};
		106682231EEA6251009BE806 /* Build configuration list for PBXNativeTarget "LawyerApp" */ = {
			isa = XCConfigurationList;
			buildConfigurations = (
				106682241EEA6251009BE806 /* Debug */,
				106682251EEA6251009BE806 /* Release */,
			);
			defaultConfigurationIsVisible = 0;
			defaultConfigurationName = Release;
		};
		106682261EEA6251009BE806 /* Build configuration list for PBXNativeTarget "LawyerAppTests" */ = {
			isa = XCConfigurationList;
			buildConfigurations = (
				106682271EEA6251009BE806 /* Debug */,
				106682281EEA6251009BE806 /* Release */,
			);
			defaultConfigurationIsVisible = 0;
			defaultConfigurationName = Release;
		};
		106682291EEA6251009BE806 /* Build configuration list for PBXNativeTarget "LawyerAppUITests" */ = {
			isa = XCConfigurationList;
			buildConfigurations = (
				1066822A1EEA6251009BE806 /* Debug */,
				1066822B1EEA6251009BE806 /* Release */,
			);
			defaultConfigurationIsVisible = 0;
			defaultConfigurationName = Release;
		};
/* End XCConfigurationList section */

/* Begin XCVersionGroup section */
		106682021EEA624A009BE806 /* LawyerApp.xcdatamodeld */ = {
			isa = XCVersionGroup;
			children = (
				106682031EEA624A009BE806 /* LawyerApp.xcdatamodel */,
			);
			currentVersion = 106682031EEA624A009BE806 /* LawyerApp.xcdatamodel */;
			path = LawyerApp.xcdatamodeld;
			sourceTree = "<group>";
			versionGroupType = wrapper.xcdatamodel;
		};
/* End XCVersionGroup section */
	};
	rootObject = 106681F01EEA6245009BE806 /* Project object */;
}
